// !$*UTF8*$!
{
	archiveVersion = 1;
	classes = {
	};
	objectVersion = 55;
	objects = {

/* Begin PBXBuildFile section */
		3D12B1A128A763FE00FD38D6 /* Charts in Frameworks */ = {isa = PBXBuildFile; productRef = 3D12B1A028A763FE00FD38D6 /* Charts */; };
		3D12B1A528A7643A00FD38D6 /* ChartTableViewCell.swift in Sources */ = {isa = PBXBuildFile; fileRef = 3D12B1A428A7643A00FD38D6 /* ChartTableViewCell.swift */; };
		3D1EC80B28A7CDDF00003DE6 /* PointTableViewCell.swift in Sources */ = {isa = PBXBuildFile; fileRef = 3D1EC80A28A7CDDF00003DE6 /* PointTableViewCell.swift */; };
		3D283A7028A8AED3007C0119 /* Localizable.strings in Resources */ = {isa = PBXBuildFile; fileRef = 3D283A7228A8AED3007C0119 /* Localizable.strings */; };
		3D634E29289E55A000C99071 /* AppDelegate.swift in Sources */ = {isa = PBXBuildFile; fileRef = 3D634E28289E55A000C99071 /* AppDelegate.swift */; };
		3D634E2B289E55A000C99071 /* SceneDelegate.swift in Sources */ = {isa = PBXBuildFile; fileRef = 3D634E2A289E55A000C99071 /* SceneDelegate.swift */; };
		3D634E32289E55A100C99071 /* Assets.xcassets in Resources */ = {isa = PBXBuildFile; fileRef = 3D634E31289E55A100C99071 /* Assets.xcassets */; };
		3D634E35289E55A100C99071 /* LaunchScreen.storyboard in Resources */ = {isa = PBXBuildFile; fileRef = 3D634E33289E55A100C99071 /* LaunchScreen.storyboard */; };
		3D818D3028A75C6F000F5FA1 /* ChartViewController.swift in Sources */ = {isa = PBXBuildFile; fileRef = 3D818D2F28A75C6F000F5FA1 /* ChartViewController.swift */; };
		3D818D3228A75C81000F5FA1 /* ChartViewInput.swift in Sources */ = {isa = PBXBuildFile; fileRef = 3D818D3128A75C81000F5FA1 /* ChartViewInput.swift */; };
		3D818D3428A75C91000F5FA1 /* ChartViewOutput.swift in Sources */ = {isa = PBXBuildFile; fileRef = 3D818D3328A75C91000F5FA1 /* ChartViewOutput.swift */; };
		3D818D3728A75CA9000F5FA1 /* ChartViewModel.swift in Sources */ = {isa = PBXBuildFile; fileRef = 3D818D3628A75CA9000F5FA1 /* ChartViewModel.swift */; };
		3DFFAB54289F82CD001BD2DD /* Core in Frameworks */ = {isa = PBXBuildFile; productRef = 3DFFAB53289F82CD001BD2DD /* Core */; };
		3DFFAB5B289F864D001BD2DD /* APIProvider.swift in Sources */ = {isa = PBXBuildFile; fileRef = 3DFFAB5A289F864D001BD2DD /* APIProvider.swift */; };
		3DFFAB62289F89F9001BD2DD /* EnterCountViewInput.swift in Sources */ = {isa = PBXBuildFile; fileRef = 3DFFAB61289F89F9001BD2DD /* EnterCountViewInput.swift */; };
		3DFFAB66289F8A25001BD2DD /* EnterCountViewOutput.swift in Sources */ = {isa = PBXBuildFile; fileRef = 3DFFAB65289F8A25001BD2DD /* EnterCountViewOutput.swift */; };
		3DFFAB68289F8A38001BD2DD /* EnterCountViewController.swift in Sources */ = {isa = PBXBuildFile; fileRef = 3DFFAB67289F8A38001BD2DD /* EnterCountViewController.swift */; };
		3DFFAB6B289F8A98001BD2DD /* EnterCountViewModel.swift in Sources */ = {isa = PBXBuildFile; fileRef = 3DFFAB6A289F8A98001BD2DD /* EnterCountViewModel.swift */; };
		3DFFAB6E289F8BAD001BD2DD /* MainModuleFactoring.swift in Sources */ = {isa = PBXBuildFile; fileRef = 3DFFAB6D289F8BAD001BD2DD /* MainModuleFactoring.swift */; };
		3DFFAB70289F8BCF001BD2DD /* MainModuleFactory.swift in Sources */ = {isa = PBXBuildFile; fileRef = 3DFFAB6F289F8BCF001BD2DD /* MainModuleFactory.swift */; };
		3DFFAB73289F8C7E001BD2DD /* MainCoordinator.swift in Sources */ = {isa = PBXBuildFile; fileRef = 3DFFAB72289F8C7E001BD2DD /* MainCoordinator.swift */; };
		3DFFAB75289F9093001BD2DD /* CoordinatorFactoring.swift in Sources */ = {isa = PBXBuildFile; fileRef = 3DFFAB74289F9093001BD2DD /* CoordinatorFactoring.swift */; };
		3DFFAB77289F90C3001BD2DD /* CoordinatorFactory.swift in Sources */ = {isa = PBXBuildFile; fileRef = 3DFFAB76289F90C3001BD2DD /* CoordinatorFactory.swift */; };
		3DFFAB79289F9112001BD2DD /* AppCoordinator.swift in Sources */ = {isa = PBXBuildFile; fileRef = 3DFFAB78289F9112001BD2DD /* AppCoordinator.swift */; };
		3DFFAB7B289F91F5001BD2DD /* Main.storyboard in Resources */ = {isa = PBXBuildFile; fileRef = 3DFFAB7A289F91F5001BD2DD /* Main.storyboard */; };
		3DFFAB7E289F9C55001BD2DD /* RxCocoa in Frameworks */ = {isa = PBXBuildFile; productRef = 3DFFAB7D289F9C55001BD2DD /* RxCocoa */; };
		3DFFAB81289FA18D001BD2DD /* PointsRequestResult.swift in Sources */ = {isa = PBXBuildFile; fileRef = 3DFFAB80289FA18D001BD2DD /* PointsRequestResult.swift */; };
		3DFFAB84289FA4F9001BD2DD /* RxMoya in Frameworks */ = {isa = PBXBuildFile; productRef = 3DFFAB83289FA4F9001BD2DD /* RxMoya */; };
/* End PBXBuildFile section */

/* Begin PBXFileReference section */
		3D12B1A428A7643A00FD38D6 /* ChartTableViewCell.swift */ = {isa = PBXFileReference; lastKnownFileType = sourcecode.swift; path = ChartTableViewCell.swift; sourceTree = "<group>"; };
		3D1EC80A28A7CDDF00003DE6 /* PointTableViewCell.swift */ = {isa = PBXFileReference; lastKnownFileType = sourcecode.swift; path = PointTableViewCell.swift; sourceTree = "<group>"; };
		3D283A7128A8AED3007C0119 /* en */ = {isa = PBXFileReference; lastKnownFileType = text.plist.strings; name = en; path = en.lproj/Localizable.strings; sourceTree = "<group>"; };
		3D283A7328A8AF19007C0119 /* ru */ = {isa = PBXFileReference; lastKnownFileType = text.plist.strings; name = ru; path = ru.lproj/Localizable.strings; sourceTree = "<group>"; };
		3D634E25289E55A000C99071 /* ChartApp.app */ = {isa = PBXFileReference; explicitFileType = wrapper.application; includeInIndex = 0; path = ChartApp.app; sourceTree = BUILT_PRODUCTS_DIR; };
		3D634E28289E55A000C99071 /* AppDelegate.swift */ = {isa = PBXFileReference; lastKnownFileType = sourcecode.swift; path = AppDelegate.swift; sourceTree = "<group>"; };
		3D634E2A289E55A000C99071 /* SceneDelegate.swift */ = {isa = PBXFileReference; lastKnownFileType = sourcecode.swift; path = SceneDelegate.swift; sourceTree = "<group>"; };
		3D634E31289E55A100C99071 /* Assets.xcassets */ = {isa = PBXFileReference; lastKnownFileType = folder.assetcatalog; path = Assets.xcassets; sourceTree = "<group>"; };
		3D634E34289E55A100C99071 /* Base */ = {isa = PBXFileReference; lastKnownFileType = file.storyboard; name = Base; path = Base.lproj/LaunchScreen.storyboard; sourceTree = "<group>"; };
		3D634E36289E55A100C99071 /* Info.plist */ = {isa = PBXFileReference; lastKnownFileType = text.plist.xml; path = Info.plist; sourceTree = "<group>"; };
		3D818D2F28A75C6F000F5FA1 /* ChartViewController.swift */ = {isa = PBXFileReference; lastKnownFileType = sourcecode.swift; path = ChartViewController.swift; sourceTree = "<group>"; };
		3D818D3128A75C81000F5FA1 /* ChartViewInput.swift */ = {isa = PBXFileReference; lastKnownFileType = sourcecode.swift; path = ChartViewInput.swift; sourceTree = "<group>"; };
		3D818D3328A75C91000F5FA1 /* ChartViewOutput.swift */ = {isa = PBXFileReference; lastKnownFileType = sourcecode.swift; path = ChartViewOutput.swift; sourceTree = "<group>"; };
		3D818D3628A75CA9000F5FA1 /* ChartViewModel.swift */ = {isa = PBXFileReference; lastKnownFileType = sourcecode.swift; path = ChartViewModel.swift; sourceTree = "<group>"; };
		3DFFAB5A289F864D001BD2DD /* APIProvider.swift */ = {isa = PBXFileReference; lastKnownFileType = sourcecode.swift; path = APIProvider.swift; sourceTree = "<group>"; };
		3DFFAB61289F89F9001BD2DD /* EnterCountViewInput.swift */ = {isa = PBXFileReference; lastKnownFileType = sourcecode.swift; path = EnterCountViewInput.swift; sourceTree = "<group>"; };
		3DFFAB65289F8A25001BD2DD /* EnterCountViewOutput.swift */ = {isa = PBXFileReference; lastKnownFileType = sourcecode.swift; path = EnterCountViewOutput.swift; sourceTree = "<group>"; };
		3DFFAB67289F8A38001BD2DD /* EnterCountViewController.swift */ = {isa = PBXFileReference; lastKnownFileType = sourcecode.swift; path = EnterCountViewController.swift; sourceTree = "<group>"; };
		3DFFAB6A289F8A98001BD2DD /* EnterCountViewModel.swift */ = {isa = PBXFileReference; lastKnownFileType = sourcecode.swift; path = EnterCountViewModel.swift; sourceTree = "<group>"; };
		3DFFAB6D289F8BAD001BD2DD /* MainModuleFactoring.swift */ = {isa = PBXFileReference; lastKnownFileType = sourcecode.swift; path = MainModuleFactoring.swift; sourceTree = "<group>"; };
		3DFFAB6F289F8BCF001BD2DD /* MainModuleFactory.swift */ = {isa = PBXFileReference; lastKnownFileType = sourcecode.swift; path = MainModuleFactory.swift; sourceTree = "<group>"; };
		3DFFAB72289F8C7E001BD2DD /* MainCoordinator.swift */ = {isa = PBXFileReference; lastKnownFileType = sourcecode.swift; path = MainCoordinator.swift; sourceTree = "<group>"; };
		3DFFAB74289F9093001BD2DD /* CoordinatorFactoring.swift */ = {isa = PBXFileReference; lastKnownFileType = sourcecode.swift; path = CoordinatorFactoring.swift; sourceTree = "<group>"; };
		3DFFAB76289F90C3001BD2DD /* CoordinatorFactory.swift */ = {isa = PBXFileReference; lastKnownFileType = sourcecode.swift; path = CoordinatorFactory.swift; sourceTree = "<group>"; };
		3DFFAB78289F9112001BD2DD /* AppCoordinator.swift */ = {isa = PBXFileReference; lastKnownFileType = sourcecode.swift; path = AppCoordinator.swift; sourceTree = "<group>"; };
		3DFFAB7A289F91F5001BD2DD /* Main.storyboard */ = {isa = PBXFileReference; lastKnownFileType = file.storyboard; path = Main.storyboard; sourceTree = "<group>"; };
		3DFFAB80289FA18D001BD2DD /* PointsRequestResult.swift */ = {isa = PBXFileReference; lastKnownFileType = sourcecode.swift; path = PointsRequestResult.swift; sourceTree = "<group>"; };
/* End PBXFileReference section */

/* Begin PBXFrameworksBuildPhase section */
		3D634E22289E55A000C99071 /* Frameworks */ = {
			isa = PBXFrameworksBuildPhase;
			buildActionMask = 2147483647;
			files = (
				3DFFAB84289FA4F9001BD2DD /* RxMoya in Frameworks */,
				3DFFAB7E289F9C55001BD2DD /* RxCocoa in Frameworks */,
				3DFFAB54289F82CD001BD2DD /* Core in Frameworks */,
				3D12B1A128A763FE00FD38D6 /* Charts in Frameworks */,
			);
			runOnlyForDeploymentPostprocessing = 0;
		};
/* End PBXFrameworksBuildPhase section */

/* Begin PBXGroup section */
		3D12B1A228A7641800FD38D6 /* Cells */ = {
			isa = PBXGroup;
			children = (
				3D1EC80928A7CDB800003DE6 /* PointTableViewCell */,
				3D12B1A328A7641F00FD38D6 /* ChartTableViewCell */,
			);
			path = Cells;
			sourceTree = "<group>";
		};
		3D12B1A328A7641F00FD38D6 /* ChartTableViewCell */ = {
			isa = PBXGroup;
			children = (
				3D12B1A428A7643A00FD38D6 /* ChartTableViewCell.swift */,
			);
			path = ChartTableViewCell;
			sourceTree = "<group>";
		};
		3D1EC80928A7CDB800003DE6 /* PointTableViewCell */ = {
			isa = PBXGroup;
			children = (
				3D1EC80A28A7CDDF00003DE6 /* PointTableViewCell.swift */,
			);
			path = PointTableViewCell;
			sourceTree = "<group>";
		};
		3D283A6D28A8AE3F007C0119 /* Resources */ = {
			isa = PBXGroup;
			children = (
				3D283A7228A8AED3007C0119 /* Localizable.strings */,
			);
			path = Resources;
			sourceTree = "<group>";
		};
		3D634E1C289E55A000C99071 = {
			isa = PBXGroup;
			children = (
				3D634E27289E55A000C99071 /* ChartApp */,
				3D634E26289E55A000C99071 /* Products */,
			);
			sourceTree = "<group>";
		};
		3D634E26289E55A000C99071 /* Products */ = {
			isa = PBXGroup;
			children = (
				3D634E25289E55A000C99071 /* ChartApp.app */,
			);
			name = Products;
			sourceTree = "<group>";
		};
		3D634E27289E55A000C99071 /* ChartApp */ = {
			isa = PBXGroup;
			children = (
				3D634E36289E55A100C99071 /* Info.plist */,
				3DFFAB55289F8425001BD2DD /* Application */,
				3DFFAB5C289F8941001BD2DD /* Factories */,
				3DFFAB5D289F898C001BD2DD /* Flows */,
				3DFFAB59289F8620001BD2DD /* Networking */,
				3D283A6D28A8AE3F007C0119 /* Resources */,
			);
			path = ChartApp;
			sourceTree = "<group>";
		};
		3D818D2E28A75C2D000F5FA1 /* ChartModule */ = {
			isa = PBXGroup;
			children = (
				3D12B1A228A7641800FD38D6 /* Cells */,
				3D818D3528A75C95000F5FA1 /* ViewModel */,
				3D818D2F28A75C6F000F5FA1 /* ChartViewController.swift */,
				3D818D3128A75C81000F5FA1 /* ChartViewInput.swift */,
				3D818D3328A75C91000F5FA1 /* ChartViewOutput.swift */,
			);
			path = ChartModule;
			sourceTree = "<group>";
		};
		3D818D3528A75C95000F5FA1 /* ViewModel */ = {
			isa = PBXGroup;
			children = (
				3D818D3628A75CA9000F5FA1 /* ChartViewModel.swift */,
			);
			path = ViewModel;
			sourceTree = "<group>";
		};
		3DFFAB55289F8425001BD2DD /* Application */ = {
			isa = PBXGroup;
			children = (
				3D634E28289E55A000C99071 /* AppDelegate.swift */,
				3D634E2A289E55A000C99071 /* SceneDelegate.swift */,
				3D634E31289E55A100C99071 /* Assets.xcassets */,
				3D634E33289E55A100C99071 /* LaunchScreen.storyboard */,
				3DFFAB78289F9112001BD2DD /* AppCoordinator.swift */,
				3DFFAB7A289F91F5001BD2DD /* Main.storyboard */,
			);
			path = Application;
			sourceTree = "<group>";
		};
		3DFFAB59289F8620001BD2DD /* Networking */ = {
			isa = PBXGroup;
			children = (
				3DFFAB7F289FA16E001BD2DD /* Model */,
				3DFFAB5A289F864D001BD2DD /* APIProvider.swift */,
			);
			path = Networking;
			sourceTree = "<group>";
		};
		3DFFAB5C289F8941001BD2DD /* Factories */ = {
			isa = PBXGroup;
			children = (
				3DFFAB71289F8C4F001BD2DD /* CoordinatorFactories */,
				3DFFAB6C289F8B81001BD2DD /* ModuleFactories */,
			);
			path = Factories;
			sourceTree = "<group>";
		};
		3DFFAB5D289F898C001BD2DD /* Flows */ = {
			isa = PBXGroup;
			children = (
				3DFFAB5E289F8997001BD2DD /* MainFlow */,
			);
			path = Flows;
			sourceTree = "<group>";
		};
		3DFFAB5E289F8997001BD2DD /* MainFlow */ = {
			isa = PBXGroup;
			children = (
				3DFFAB5F289F89A2001BD2DD /* Coordinator */,
				3DFFAB60289F89B1001BD2DD /* Modules */,
			);
			path = MainFlow;
			sourceTree = "<group>";
		};
		3DFFAB5F289F89A2001BD2DD /* Coordinator */ = {
			isa = PBXGroup;
			children = (
				3DFFAB72289F8C7E001BD2DD /* MainCoordinator.swift */,
			);
			path = Coordinator;
			sourceTree = "<group>";
		};
		3DFFAB60289F89B1001BD2DD /* Modules */ = {
			isa = PBXGroup;
			children = (
				3D818D2E28A75C2D000F5FA1 /* ChartModule */,
				3DFFAB63289F89FF001BD2DD /* EnterCountModule */,
			);
			path = Modules;
			sourceTree = "<group>";
		};
		3DFFAB63289F89FF001BD2DD /* EnterCountModule */ = {
			isa = PBXGroup;
			children = (
				3DFFAB69289F8A77001BD2DD /* ViewModel */,
				3DFFAB67289F8A38001BD2DD /* EnterCountViewController.swift */,
				3DFFAB61289F89F9001BD2DD /* EnterCountViewInput.swift */,
				3DFFAB65289F8A25001BD2DD /* EnterCountViewOutput.swift */,
			);
			path = EnterCountModule;
			sourceTree = "<group>";
		};
		3DFFAB69289F8A77001BD2DD /* ViewModel */ = {
			isa = PBXGroup;
			children = (
				3DFFAB6A289F8A98001BD2DD /* EnterCountViewModel.swift */,
			);
			path = ViewModel;
			sourceTree = "<group>";
		};
		3DFFAB6C289F8B81001BD2DD /* ModuleFactories */ = {
			isa = PBXGroup;
			children = (
				3DFFAB6D289F8BAD001BD2DD /* MainModuleFactoring.swift */,
				3DFFAB6F289F8BCF001BD2DD /* MainModuleFactory.swift */,
			);
			path = ModuleFactories;
			sourceTree = "<group>";
		};
		3DFFAB71289F8C4F001BD2DD /* CoordinatorFactories */ = {
			isa = PBXGroup;
			children = (
				3DFFAB74289F9093001BD2DD /* CoordinatorFactoring.swift */,
				3DFFAB76289F90C3001BD2DD /* CoordinatorFactory.swift */,
			);
			path = CoordinatorFactories;
			sourceTree = "<group>";
		};
		3DFFAB7F289FA16E001BD2DD /* Model */ = {
			isa = PBXGroup;
			children = (
				3DFFAB80289FA18D001BD2DD /* PointsRequestResult.swift */,
			);
			path = Model;
			sourceTree = "<group>";
		};
/* End PBXGroup section */

/* Begin PBXNativeTarget section */
		3D634E24289E55A000C99071 /* ChartApp */ = {
			isa = PBXNativeTarget;
			buildConfigurationList = 3D634E39289E55A100C99071 /* Build configuration list for PBXNativeTarget "ChartApp" */;
			buildPhases = (
				3D634E21289E55A000C99071 /* Sources */,
				3D634E22289E55A000C99071 /* Frameworks */,
				3D634E23289E55A000C99071 /* Resources */,
			);
			buildRules = (
			);
			dependencies = (
			);
			name = ChartApp;
			packageProductDependencies = (
				3DFFAB53289F82CD001BD2DD /* Core */,
				3DFFAB7D289F9C55001BD2DD /* RxCocoa */,
				3DFFAB83289FA4F9001BD2DD /* RxMoya */,
				3D12B1A028A763FE00FD38D6 /* Charts */,
			);
			productName = ChartApp;
			productReference = 3D634E25289E55A000C99071 /* ChartApp.app */;
			productType = "com.apple.product-type.application";
		};
/* End PBXNativeTarget section */

/* Begin PBXProject section */
		3D634E1D289E55A000C99071 /* Project object */ = {
			isa = PBXProject;
			attributes = {
				BuildIndependentTargetsInParallel = 1;
				LastSwiftUpdateCheck = 1310;
				LastUpgradeCheck = 1310;
				TargetAttributes = {
					3D634E24289E55A000C99071 = {
						CreatedOnToolsVersion = 13.1;
					};
				};
			};
			buildConfigurationList = 3D634E20289E55A000C99071 /* Build configuration list for PBXProject "ChartApp" */;
			compatibilityVersion = "Xcode 13.0";
			developmentRegion = en;
			hasScannedForEncodings = 0;
			knownRegions = (
				en,
				Base,
				ru,
			);
			mainGroup = 3D634E1C289E55A000C99071;
			packageReferences = (
				3DFFAB52289F82CD001BD2DD /* XCRemoteSwiftPackageReference "Core" */,
				3DFFAB7C289F9C55001BD2DD /* XCRemoteSwiftPackageReference "RxSwift" */,
				3DFFAB82289FA4F9001BD2DD /* XCRemoteSwiftPackageReference "Moya" */,
				3D12B19F28A763FE00FD38D6 /* XCRemoteSwiftPackageReference "Charts" */,
			);
			productRefGroup = 3D634E26289E55A000C99071 /* Products */;
			projectDirPath = "";
			projectRoot = "";
			targets = (
				3D634E24289E55A000C99071 /* ChartApp */,
			);
		};
/* End PBXProject section */

/* Begin PBXResourcesBuildPhase section */
		3D634E23289E55A000C99071 /* Resources */ = {
			isa = PBXResourcesBuildPhase;
			buildActionMask = 2147483647;
			files = (
				3DFFAB7B289F91F5001BD2DD /* Main.storyboard in Resources */,
				3D283A7028A8AED3007C0119 /* Localizable.strings in Resources */,
				3D634E35289E55A100C99071 /* LaunchScreen.storyboard in Resources */,
				3D634E32289E55A100C99071 /* Assets.xcassets in Resources */,
			);
			runOnlyForDeploymentPostprocessing = 0;
		};
/* End PBXResourcesBuildPhase section */

/* Begin PBXSourcesBuildPhase section */
		3D634E21289E55A000C99071 /* Sources */ = {
			isa = PBXSourcesBuildPhase;
			buildActionMask = 2147483647;
			files = (
				3DFFAB70289F8BCF001BD2DD /* MainModuleFactory.swift in Sources */,
				3DFFAB75289F9093001BD2DD /* CoordinatorFactoring.swift in Sources */,
				3DFFAB79289F9112001BD2DD /* AppCoordinator.swift in Sources */,
				3DFFAB81289FA18D001BD2DD /* PointsRequestResult.swift in Sources */,
				3D634E29289E55A000C99071 /* AppDelegate.swift in Sources */,
				3DFFAB77289F90C3001BD2DD /* CoordinatorFactory.swift in Sources */,
				3D634E2B289E55A000C99071 /* SceneDelegate.swift in Sources */,
				3DFFAB73289F8C7E001BD2DD /* MainCoordinator.swift in Sources */,
				3D1EC80B28A7CDDF00003DE6 /* PointTableViewCell.swift in Sources */,
				3DFFAB62289F89F9001BD2DD /* EnterCountViewInput.swift in Sources */,
				3DFFAB68289F8A38001BD2DD /* EnterCountViewController.swift in Sources */,
				3D12B1A528A7643A00FD38D6 /* ChartTableViewCell.swift in Sources */,
				3D818D3428A75C91000F5FA1 /* ChartViewOutput.swift in Sources */,
				3DFFAB6E289F8BAD001BD2DD /* MainModuleFactoring.swift in Sources */,
				3DFFAB5B289F864D001BD2DD /* APIProvider.swift in Sources */,
				3D818D3228A75C81000F5FA1 /* ChartViewInput.swift in Sources */,
				3DFFAB6B289F8A98001BD2DD /* EnterCountViewModel.swift in Sources */,
				3D818D3728A75CA9000F5FA1 /* ChartViewModel.swift in Sources */,
				3DFFAB66289F8A25001BD2DD /* EnterCountViewOutput.swift in Sources */,
				3D818D3028A75C6F000F5FA1 /* ChartViewController.swift in Sources */,
			);
			runOnlyForDeploymentPostprocessing = 0;
		};
/* End PBXSourcesBuildPhase section */

/* Begin PBXVariantGroup section */
		3D283A7228A8AED3007C0119 /* Localizable.strings */ = {
			isa = PBXVariantGroup;
			children = (
				3D283A7128A8AED3007C0119 /* en */,
				3D283A7328A8AF19007C0119 /* ru */,
			);
			name = Localizable.strings;
			sourceTree = "<group>";
		};
		3D634E33289E55A100C99071 /* LaunchScreen.storyboard */ = {
			isa = PBXVariantGroup;
			children = (
				3D634E34289E55A100C99071 /* Base */,
			);
			name = LaunchScreen.storyboard;
			sourceTree = "<group>";
		};
/* End PBXVariantGroup section */

/* Begin XCBuildConfiguration section */
		3D634E37289E55A100C99071 /* Debug */ = {
			isa = XCBuildConfiguration;
			buildSettings = {
				ALWAYS_SEARCH_USER_PATHS = NO;
				CLANG_ANALYZER_LOCALIZABILITY_NONLOCALIZED = YES;
				CLANG_ANALYZER_NONNULL = YES;
				CLANG_ANALYZER_NUMBER_OBJECT_CONVERSION = YES_AGGRESSIVE;
				CLANG_CXX_LANGUAGE_STANDARD = "gnu++17";
				CLANG_CXX_LIBRARY = "libc++";
				CLANG_ENABLE_MODULES = YES;
				CLANG_ENABLE_OBJC_ARC = YES;
				CLANG_ENABLE_OBJC_WEAK = YES;
				CLANG_WARN_BLOCK_CAPTURE_AUTORELEASING = YES;
				CLANG_WARN_BOOL_CONVERSION = YES;
				CLANG_WARN_COMMA = YES;
				CLANG_WARN_CONSTANT_CONVERSION = YES;
				CLANG_WARN_DEPRECATED_OBJC_IMPLEMENTATIONS = YES;
				CLANG_WARN_DIRECT_OBJC_ISA_USAGE = YES_ERROR;
				CLANG_WARN_DOCUMENTATION_COMMENTS = YES;
				CLANG_WARN_EMPTY_BODY = YES;
				CLANG_WARN_ENUM_CONVERSION = YES;
				CLANG_WARN_INFINITE_RECURSION = YES;
				CLANG_WARN_INT_CONVERSION = YES;
				CLANG_WARN_NON_LITERAL_NULL_CONVERSION = YES;
				CLANG_WARN_OBJC_IMPLICIT_RETAIN_SELF = YES;
				CLANG_WARN_OBJC_LITERAL_CONVERSION = YES;
				CLANG_WARN_OBJC_ROOT_CLASS = YES_ERROR;
				CLANG_WARN_QUOTED_INCLUDE_IN_FRAMEWORK_HEADER = YES;
				CLANG_WARN_RANGE_LOOP_ANALYSIS = YES;
				CLANG_WARN_STRICT_PROTOTYPES = YES;
				CLANG_WARN_SUSPICIOUS_MOVE = YES;
				CLANG_WARN_UNGUARDED_AVAILABILITY = YES_AGGRESSIVE;
				CLANG_WARN_UNREACHABLE_CODE = YES;
				CLANG_WARN__DUPLICATE_METHOD_MATCH = YES;
				COPY_PHASE_STRIP = NO;
				DEBUG_INFORMATION_FORMAT = dwarf;
				ENABLE_STRICT_OBJC_MSGSEND = YES;
				ENABLE_TESTABILITY = YES;
				GCC_C_LANGUAGE_STANDARD = gnu11;
				GCC_DYNAMIC_NO_PIC = NO;
				GCC_NO_COMMON_BLOCKS = YES;
				GCC_OPTIMIZATION_LEVEL = 0;
				GCC_PREPROCESSOR_DEFINITIONS = (
					"DEBUG=1",
					"$(inherited)",
				);
				GCC_WARN_64_TO_32_BIT_CONVERSION = YES;
				GCC_WARN_ABOUT_RETURN_TYPE = YES_ERROR;
				GCC_WARN_UNDECLARED_SELECTOR = YES;
				GCC_WARN_UNINITIALIZED_AUTOS = YES_AGGRESSIVE;
				GCC_WARN_UNUSED_FUNCTION = YES;
				GCC_WARN_UNUSED_VARIABLE = YES;
				IPHONEOS_DEPLOYMENT_TARGET = 15.0;
				MTL_ENABLE_DEBUG_INFO = INCLUDE_SOURCE;
				MTL_FAST_MATH = YES;
				ONLY_ACTIVE_ARCH = YES;
				SDKROOT = iphoneos;
				SWIFT_ACTIVE_COMPILATION_CONDITIONS = DEBUG;
				SWIFT_OPTIMIZATION_LEVEL = "-Onone";
			};
			name = Debug;
		};
		3D634E38289E55A100C99071 /* Release */ = {
			isa = XCBuildConfiguration;
			buildSettings = {
				ALWAYS_SEARCH_USER_PATHS = NO;
				CLANG_ANALYZER_LOCALIZABILITY_NONLOCALIZED = YES;
				CLANG_ANALYZER_NONNULL = YES;
				CLANG_ANALYZER_NUMBER_OBJECT_CONVERSION = YES_AGGRESSIVE;
				CLANG_CXX_LANGUAGE_STANDARD = "gnu++17";
				CLANG_CXX_LIBRARY = "libc++";
				CLANG_ENABLE_MODULES = YES;
				CLANG_ENABLE_OBJC_ARC = YES;
				CLANG_ENABLE_OBJC_WEAK = YES;
				CLANG_WARN_BLOCK_CAPTURE_AUTORELEASING = YES;
				CLANG_WARN_BOOL_CONVERSION = YES;
				CLANG_WARN_COMMA = YES;
				CLANG_WARN_CONSTANT_CONVERSION = YES;
				CLANG_WARN_DEPRECATED_OBJC_IMPLEMENTATIONS = YES;
				CLANG_WARN_DIRECT_OBJC_ISA_USAGE = YES_ERROR;
				CLANG_WARN_DOCUMENTATION_COMMENTS = YES;
				CLANG_WARN_EMPTY_BODY = YES;
				CLANG_WARN_ENUM_CONVERSION = YES;
				CLANG_WARN_INFINITE_RECURSION = YES;
				CLANG_WARN_INT_CONVERSION = YES;
				CLANG_WARN_NON_LITERAL_NULL_CONVERSION = YES;
				CLANG_WARN_OBJC_IMPLICIT_RETAIN_SELF = YES;
				CLANG_WARN_OBJC_LITERAL_CONVERSION = YES;
				CLANG_WARN_OBJC_ROOT_CLASS = YES_ERROR;
				CLANG_WARN_QUOTED_INCLUDE_IN_FRAMEWORK_HEADER = YES;
				CLANG_WARN_RANGE_LOOP_ANALYSIS = YES;
				CLANG_WARN_STRICT_PROTOTYPES = YES;
				CLANG_WARN_SUSPICIOUS_MOVE = YES;
				CLANG_WARN_UNGUARDED_AVAILABILITY = YES_AGGRESSIVE;
				CLANG_WARN_UNREACHABLE_CODE = YES;
				CLANG_WARN__DUPLICATE_METHOD_MATCH = YES;
				COPY_PHASE_STRIP = NO;
				DEBUG_INFORMATION_FORMAT = "dwarf-with-dsym";
				ENABLE_NS_ASSERTIONS = NO;
				ENABLE_STRICT_OBJC_MSGSEND = YES;
				GCC_C_LANGUAGE_STANDARD = gnu11;
				GCC_NO_COMMON_BLOCKS = YES;
				GCC_WARN_64_TO_32_BIT_CONVERSION = YES;
				GCC_WARN_ABOUT_RETURN_TYPE = YES_ERROR;
				GCC_WARN_UNDECLARED_SELECTOR = YES;
				GCC_WARN_UNINITIALIZED_AUTOS = YES_AGGRESSIVE;
				GCC_WARN_UNUSED_FUNCTION = YES;
				GCC_WARN_UNUSED_VARIABLE = YES;
				IPHONEOS_DEPLOYMENT_TARGET = 15.0;
				MTL_ENABLE_DEBUG_INFO = NO;
				MTL_FAST_MATH = YES;
				SDKROOT = iphoneos;
				SWIFT_COMPILATION_MODE = wholemodule;
				SWIFT_OPTIMIZATION_LEVEL = "-O";
				VALIDATE_PRODUCT = YES;
			};
			name = Release;
		};
		3D634E3A289E55A100C99071 /* Debug */ = {
			isa = XCBuildConfiguration;
			buildSettings = {
				ASSETCATALOG_COMPILER_APPICON_NAME = AppIcon;
				ASSETCATALOG_COMPILER_GLOBAL_ACCENT_COLOR_NAME = AccentColor;
				CODE_SIGN_STYLE = Automatic;
				CURRENT_PROJECT_VERSION = 1;
				GENERATE_INFOPLIST_FILE = YES;
				INFOPLIST_FILE = ChartApp/Info.plist;
				INFOPLIST_KEY_NSPhotoLibraryAddUsageDescription = "Add access for gallery for saving a chart";
				INFOPLIST_KEY_UIApplicationSupportsIndirectInputEvents = YES;
				INFOPLIST_KEY_UILaunchStoryboardName = LaunchScreen;
				INFOPLIST_KEY_UIMainStoryboardFile = Main;
				INFOPLIST_KEY_UISupportedInterfaceOrientations_iPad = "UIInterfaceOrientationPortrait UIInterfaceOrientationPortraitUpsideDown UIInterfaceOrientationLandscapeLeft UIInterfaceOrientationLandscapeRight";
				INFOPLIST_KEY_UISupportedInterfaceOrientations_iPhone = "UIInterfaceOrientationPortrait UIInterfaceOrientationLandscapeLeft UIInterfaceOrientationLandscapeRight";
				LD_RUNPATH_SEARCH_PATHS = (
					"$(inherited)",
					"@executable_path/Frameworks",
				);
				MARKETING_VERSION = 1.0;
				PRODUCT_BUNDLE_IDENTIFIER = Nikita.ChartApp;
				PRODUCT_NAME = "$(TARGET_NAME)";
				SWIFT_EMIT_LOC_STRINGS = YES;
				SWIFT_VERSION = 5.0;
				TARGETED_DEVICE_FAMILY = "1,2";
			};
			name = Debug;
		};
		3D634E3B289E55A100C99071 /* Release */ = {
			isa = XCBuildConfiguration;
			buildSettings = {
				ASSETCATALOG_COMPILER_APPICON_NAME = AppIcon;
				ASSETCATALOG_COMPILER_GLOBAL_ACCENT_COLOR_NAME = AccentColor;
				CODE_SIGN_STYLE = Automatic;
				CURRENT_PROJECT_VERSION = 1;
				GENERATE_INFOPLIST_FILE = YES;
				INFOPLIST_FILE = ChartApp/Info.plist;
				INFOPLIST_KEY_NSPhotoLibraryAddUsageDescription = "Add access for gallery for saving a chart";
				INFOPLIST_KEY_UIApplicationSupportsIndirectInputEvents = YES;
				INFOPLIST_KEY_UILaunchStoryboardName = LaunchScreen;
				INFOPLIST_KEY_UIMainStoryboardFile = Main;
				INFOPLIST_KEY_UISupportedInterfaceOrientations_iPad = "UIInterfaceOrientationPortrait UIInterfaceOrientationPortraitUpsideDown UIInterfaceOrientationLandscapeLeft UIInterfaceOrientationLandscapeRight";
				INFOPLIST_KEY_UISupportedInterfaceOrientations_iPhone = "UIInterfaceOrientationPortrait UIInterfaceOrientationLandscapeLeft UIInterfaceOrientationLandscapeRight";
				LD_RUNPATH_SEARCH_PATHS = (
					"$(inherited)",
					"@executable_path/Frameworks",
				);
				MARKETING_VERSION = 1.0;
				PRODUCT_BUNDLE_IDENTIFIER = Nikita.ChartApp;
				PRODUCT_NAME = "$(TARGET_NAME)";
				SWIFT_EMIT_LOC_STRINGS = YES;
				SWIFT_VERSION = 5.0;
				TARGETED_DEVICE_FAMILY = "1,2";
			};
			name = Release;
		};
/* End XCBuildConfiguration section */

/* Begin XCConfigurationList section */
		3D634E20289E55A000C99071 /* Build configuration list for PBXProject "ChartApp" */ = {
			isa = XCConfigurationList;
			buildConfigurations = (
				3D634E37289E55A100C99071 /* Debug */,
				3D634E38289E55A100C99071 /* Release */,
			);
			defaultConfigurationIsVisible = 0;
			defaultConfigurationName = Release;
		};
		3D634E39289E55A100C99071 /* Build configuration list for PBXNativeTarget "ChartApp" */ = {
			isa = XCConfigurationList;
			buildConfigurations = (
				3D634E3A289E55A100C99071 /* Debug */,
				3D634E3B289E55A100C99071 /* Release */,
			);
			defaultConfigurationIsVisible = 0;
			defaultConfigurationName = Release;
		};
/* End XCConfigurationList section */

/* Begin XCRemoteSwiftPackageReference section */
		3D12B19F28A763FE00FD38D6 /* XCRemoteSwiftPackageReference "Charts" */ = {
			isa = XCRemoteSwiftPackageReference;
			repositoryURL = "https://github.com/danielgindi/Charts";
			requirement = {
				branch = master;
				kind = branch;
			};
		};
		3DFFAB52289F82CD001BD2DD /* XCRemoteSwiftPackageReference "Core" */ = {
			isa = XCRemoteSwiftPackageReference;
			repositoryURL = "https://github.com/Rise1496/Core";
			requirement = {
				branch = main;
				kind = branch;
			};
		};
		3DFFAB7C289F9C55001BD2DD /* XCRemoteSwiftPackageReference "RxSwift" */ = {
			isa = XCRemoteSwiftPackageReference;
			repositoryURL = "https://github.com/ReactiveX/RxSwift";
			requirement = {
				branch = main;
				kind = branch;
			};
		};
		3DFFAB82289FA4F9001BD2DD /* XCRemoteSwiftPackageReference "Moya" */ = {
			isa = XCRemoteSwiftPackageReference;
			repositoryURL = "https://github.com/Moya/Moya";
			requirement = {
				branch = master;
				kind = branch;
			};
		};
/* End XCRemoteSwiftPackageReference section */

/* Begin XCSwiftPackageProductDependency section */
		3D12B1A028A763FE00FD38D6 /* Charts */ = {
			isa = XCSwiftPackageProductDependency;
			package = 3D12B19F28A763FE00FD38D6 /* XCRemoteSwiftPackageReference "Charts" */;
			productName = Charts;
		};
		3DFFAB53289F82CD001BD2DD /* Core */ = {
			isa = XCSwiftPackageProductDependency;
			package = 3DFFAB52289F82CD001BD2DD /* XCRemoteSwiftPackageReference "Core" */;
			productName = Core;
		};
		3DFFAB7D289F9C55001BD2DD /* RxCocoa */ = {
			isa = XCSwiftPackageProductDependency;
			package = 3DFFAB7C289F9C55001BD2DD /* XCRemoteSwiftPackageReference "RxSwift" */;
			productName = RxCocoa;
		};
		3DFFAB83289FA4F9001BD2DD /* RxMoya */ = {
			isa = XCSwiftPackageProductDependency;
			package = 3DFFAB82289FA4F9001BD2DD /* XCRemoteSwiftPackageReference "Moya" */;
			productName = RxMoya;
		};
/* End XCSwiftPackageProductDependency section */
	};
	rootObject = 3D634E1D289E55A000C99071 /* Project object */;
}
